
Microsoft Visual Studio Solution File, Format Version 12.00
# Visual Studio 2017
Project("{FAE04EC0-301F-11D3-BF4B-00C04F79EFBC}") = "DnD", "DnD.csproj", "{9FDA5A2A-7D1F-84C0-8BB2-A762FF239170}"
EndProject
Project("{FAE04EC0-301F-11D3-BF4B-00C04F79EFBC}") = "DnD.Editor", "DnD.Editor.csproj", "{9D2CB0E3-0DE2-1C6D-8A2E-A9303617B612}"
EndProject
Global
	GlobalSection(SolutionConfigurationPlatforms) = preSolution
		Debug|Any CPU = Debug|Any CPU
		Release|Any CPU = Release|Any CPU
	EndGlobalSection
	GlobalSection(ProjectConfigurationPlatforms) = postSolution
		{9FDA5A2A-7D1F-84C0-8BB2-A762FF239170}.Debug|Any CPU.ActiveCfg = Debug|Any CPU
		{9FDA5A2A-7D1F-84C0-8BB2-A762FF239170}.Debug|Any CPU.Build.0 = Debug|Any CPU
		{9FDA5A2A-7D1F-84C0-8BB2-A762FF239170}.Release|Any CPU.ActiveCfg = Release|Any CPU
		{9FDA5A2A-7D1F-84C0-8BB2-A762FF239170}.Release|Any CPU.Build.0 = Release|Any CPU
		{9D2CB0E3-0DE2-1C6D-8A2E-A9303617B612}.Debug|Any CPU.ActiveCfg = Debug|Any CPU
		{9D2CB0E3-0DE2-1C6D-8A2E-A9303617B612}.Debug|Any CPU.Build.0 = Debug|Any CPU
		{9D2CB0E3-0DE2-1C6D-8A2E-A9303617B612}.Release|Any CPU.ActiveCfg = Release|Any CPU
		{9D2CB0E3-0DE2-1C6D-8A2E-A9303617B612}.Release|Any CPU.Build.0 = Release|Any CPU
	EndGlobalSection
	GlobalSection(SolutionProperties) = preSolution
		HideSolutionNode = FALSE
	EndGlobalSection
EndGlobal
